
Microsoft Visual Studio Solution File, Format Version 12.00
# Visual Studio Version 17
VisualStudioVersion = 17.2.32526.322
MinimumVisualStudioVersion = 10.0.40219.1
Project("{FAE04EC0-301F-11D3-BF4B-00C04F79EFBC}") = "VerifyEmailForgotPassword", "VerifyEmailForgotPassword\VerifyEmailForgotPassword.csproj", "{B2D5FE92-8C28-45A1-944E-EAC29289F280}"
EndProject
Global
	GlobalSection(SolutionConfigurationPlatforms) = preSolution
		Debug|Any CPU = Debug|Any CPU
		Release|Any CPU = Release|Any CPU
	EndGlobalSection
	GlobalSection(ProjectConfigurationPlatforms) = postSolution
		{B2D5FE92-8C28-45A1-944E-EAC29289F280}.Debug|Any CPU.ActiveCfg = Debug|Any CPU
		{B2D5FE92-8C28-45A1-944E-EAC29289F280}.Debug|Any CPU.Build.0 = Debug|Any CPU
		{B2D5FE92-8C28-45A1-944E-EAC29289F280}.Release|Any CPU.ActiveCfg = Release|Any CPU
		{B2D5FE92-8C28-45A1-944E-EAC29289F280}.Release|Any CPU.Build.0 = Release|Any CPU
	EndGlobalSection
	GlobalSection(SolutionProperties) = preSolution
		HideSolutionNode = FALSE
	EndGlobalSection
	GlobalSection(ExtensibilityGlobals) = postSolution
		SolutionGuid = {65207DF3-6D08-4ECE-A86A-40F10021DA5B}
	EndGlobalSection
EndGlobal
